// !$*UTF8*$!
{
	archiveVersion = 1;
	classes = {
	};
	objectVersion = 46;
	objects = {

/* Begin PBXBuildFile section */
		006A2B3D208B6D1300C45D0B /* Profile.storyboard in Resources */ = {isa = PBXBuildFile; fileRef = 006A2B3C208B6D1300C45D0B /* Profile.storyboard */; };
		006A2B3F208B6D2300C45D0B /* Statistics.storyboard in Resources */ = {isa = PBXBuildFile; fileRef = 006A2B3E208B6D2300C45D0B /* Statistics.storyboard */; };
		006A2B41208B6FD300C45D0B /* Messages.storyboard in Resources */ = {isa = PBXBuildFile; fileRef = 006A2B40208B6FD300C45D0B /* Messages.storyboard */; };
		006A2B43208B77CC00C45D0B /* ProfileViewController.swift in Sources */ = {isa = PBXBuildFile; fileRef = 006A2B42208B77CC00C45D0B /* ProfileViewController.swift */; };
		006A2B45208B791B00C45D0B /* CustomNavController.swift in Sources */ = {isa = PBXBuildFile; fileRef = 006A2B44208B791B00C45D0B /* CustomNavController.swift */; };
		006A2B49208B84A700C45D0B /* GoogleService-Info.plist in Resources */ = {isa = PBXBuildFile; fileRef = 006A2B48208B84A700C45D0B /* GoogleService-Info.plist */; };
		00DBAF20208BA2CC00E77E7D /* StatisticsViewController.swift in Sources */ = {isa = PBXBuildFile; fileRef = 00DBAF1F208BA2CC00E77E7D /* StatisticsViewController.swift */; };
		00DBAF22208BACB100E77E7D /* ExamplesDefaults.swift in Sources */ = {isa = PBXBuildFile; fileRef = 00DBAF21208BACB100E77E7D /* ExamplesDefaults.swift */; };
		00DBAF24208BB7CA00E77E7D /* RoundedShadowView.swift in Sources */ = {isa = PBXBuildFile; fileRef = 00DBAF23208BB7CA00E77E7D /* RoundedShadowView.swift */; };
		00DBAF26208C3B0700E77E7D /* MessagesViewController.swift in Sources */ = {isa = PBXBuildFile; fileRef = 00DBAF25208C3B0700E77E7D /* MessagesViewController.swift */; };
		1AC7594375311A2CAF70295F /* Pods_prototype1.framework in Frameworks */ = {isa = PBXBuildFile; fileRef = D1A9AEF864097991168C8EE1 /* Pods_prototype1.framework */; };
		2AC6283C3E2CAD78A771EA29 /* Pods_prototype1UITests.framework in Frameworks */ = {isa = PBXBuildFile; fileRef = DED71EE4A21FECB565450AE2 /* Pods_prototype1UITests.framework */; };
		8964E83F208B4C0500517F6A /* AppDelegate.swift in Sources */ = {isa = PBXBuildFile; fileRef = 8964E83E208B4C0500517F6A /* AppDelegate.swift */; };
		8964E841208B4C0500517F6A /* ViewController.swift in Sources */ = {isa = PBXBuildFile; fileRef = 8964E840208B4C0500517F6A /* ViewController.swift */; };
		8964E844208B4C0500517F6A /* Main.storyboard in Resources */ = {isa = PBXBuildFile; fileRef = 8964E842208B4C0500517F6A /* Main.storyboard */; };
		8964E847208B4C0500517F6A /* prototype1.xcdatamodeld in Sources */ = {isa = PBXBuildFile; fileRef = 8964E845208B4C0500517F6A /* prototype1.xcdatamodeld */; };
		8964E849208B4C0500517F6A /* Assets.xcassets in Resources */ = {isa = PBXBuildFile; fileRef = 8964E848208B4C0500517F6A /* Assets.xcassets */; };
		8964E84C208B4C0500517F6A /* LaunchScreen.storyboard in Resources */ = {isa = PBXBuildFile; fileRef = 8964E84A208B4C0500517F6A /* LaunchScreen.storyboard */; };
		8964E857208B4C0500517F6A /* prototype1Tests.swift in Sources */ = {isa = PBXBuildFile; fileRef = 8964E856208B4C0500517F6A /* prototype1Tests.swift */; };
		8964E862208B4C0500517F6A /* prototype1UITests.swift in Sources */ = {isa = PBXBuildFile; fileRef = 8964E861208B4C0500517F6A /* prototype1UITests.swift */; };
		B7987B84A675F489923BE33F /* Pods_prototype1Tests.framework in Frameworks */ = {isa = PBXBuildFile; fileRef = 2E3F7C21902641E1EF344BD7 /* Pods_prototype1Tests.framework */; };
/* End PBXBuildFile section */

/* Begin PBXContainerItemProxy section */
		8964E853208B4C0500517F6A /* PBXContainerItemProxy */ = {
			isa = PBXContainerItemProxy;
			containerPortal = 8964E833208B4C0500517F6A /* Project object */;
			proxyType = 1;
			remoteGlobalIDString = 8964E83A208B4C0500517F6A;
			remoteInfo = prototype1;
		};
		8964E85E208B4C0500517F6A /* PBXContainerItemProxy */ = {
			isa = PBXContainerItemProxy;
			containerPortal = 8964E833208B4C0500517F6A /* Project object */;
			proxyType = 1;
			remoteGlobalIDString = 8964E83A208B4C0500517F6A;
			remoteInfo = prototype1;
		};
/* End PBXContainerItemProxy section */

/* Begin PBXFileReference section */
		006A2B3C208B6D1300C45D0B /* Profile.storyboard */ = {isa = PBXFileReference; lastKnownFileType = file.storyboard; path = Profile.storyboard; sourceTree = "<group>"; };
		006A2B3E208B6D2300C45D0B /* Statistics.storyboard */ = {isa = PBXFileReference; lastKnownFileType = file.storyboard; path = Statistics.storyboard; sourceTree = "<group>"; };
		006A2B40208B6FD300C45D0B /* Messages.storyboard */ = {isa = PBXFileReference; lastKnownFileType = file.storyboard; path = Messages.storyboard; sourceTree = "<group>"; };
		006A2B42208B77CC00C45D0B /* ProfileViewController.swift */ = {isa = PBXFileReference; lastKnownFileType = sourcecode.swift; path = ProfileViewController.swift; sourceTree = "<group>"; };
		006A2B44208B791B00C45D0B /* CustomNavController.swift */ = {isa = PBXFileReference; lastKnownFileType = sourcecode.swift; path = CustomNavController.swift; sourceTree = "<group>"; };
		006A2B48208B84A700C45D0B /* GoogleService-Info.plist */ = {isa = PBXFileReference; fileEncoding = 4; lastKnownFileType = text.plist.xml; path = "GoogleService-Info.plist"; sourceTree = "<group>"; };
		00DBAF1F208BA2CC00E77E7D /* StatisticsViewController.swift */ = {isa = PBXFileReference; lastKnownFileType = sourcecode.swift; path = StatisticsViewController.swift; sourceTree = "<group>"; };
		00DBAF21208BACB100E77E7D /* ExamplesDefaults.swift */ = {isa = PBXFileReference; lastKnownFileType = sourcecode.swift; path = ExamplesDefaults.swift; sourceTree = "<group>"; };
		00DBAF23208BB7CA00E77E7D /* RoundedShadowView.swift */ = {isa = PBXFileReference; lastKnownFileType = sourcecode.swift; path = RoundedShadowView.swift; sourceTree = "<group>"; };
		00DBAF25208C3B0700E77E7D /* MessagesViewController.swift */ = {isa = PBXFileReference; lastKnownFileType = sourcecode.swift; path = MessagesViewController.swift; sourceTree = "<group>"; };
		12683E05818E98A4D3606232 /* Pods-prototype1UITests.release.xcconfig */ = {isa = PBXFileReference; includeInIndex = 1; lastKnownFileType = text.xcconfig; name = "Pods-prototype1UITests.release.xcconfig"; path = "Pods/Target Support Files/Pods-prototype1UITests/Pods-prototype1UITests.release.xcconfig"; sourceTree = "<group>"; };
		21ECD8DF3C7D8B12894AC325 /* Pods-prototype1Tests.release.xcconfig */ = {isa = PBXFileReference; includeInIndex = 1; lastKnownFileType = text.xcconfig; name = "Pods-prototype1Tests.release.xcconfig"; path = "Pods/Target Support Files/Pods-prototype1Tests/Pods-prototype1Tests.release.xcconfig"; sourceTree = "<group>"; };
		2E3F7C21902641E1EF344BD7 /* Pods_prototype1Tests.framework */ = {isa = PBXFileReference; explicitFileType = wrapper.framework; includeInIndex = 0; path = Pods_prototype1Tests.framework; sourceTree = BUILT_PRODUCTS_DIR; };
		67B0911AF9CB9A2E90751E51 /* Pods-prototype1.debug.xcconfig */ = {isa = PBXFileReference; includeInIndex = 1; lastKnownFileType = text.xcconfig; name = "Pods-prototype1.debug.xcconfig"; path = "Pods/Target Support Files/Pods-prototype1/Pods-prototype1.debug.xcconfig"; sourceTree = "<group>"; };
		8964E83B208B4C0500517F6A /* prototype1.app */ = {isa = PBXFileReference; explicitFileType = wrapper.application; includeInIndex = 0; path = prototype1.app; sourceTree = BUILT_PRODUCTS_DIR; };
		8964E83E208B4C0500517F6A /* AppDelegate.swift */ = {isa = PBXFileReference; lastKnownFileType = sourcecode.swift; path = AppDelegate.swift; sourceTree = "<group>"; };
		8964E840208B4C0500517F6A /* ViewController.swift */ = {isa = PBXFileReference; lastKnownFileType = sourcecode.swift; path = ViewController.swift; sourceTree = "<group>"; };
		8964E843208B4C0500517F6A /* Base */ = {isa = PBXFileReference; lastKnownFileType = file.storyboard; name = Base; path = Base.lproj/Main.storyboard; sourceTree = "<group>"; };
		8964E846208B4C0500517F6A /* prototype1.xcdatamodel */ = {isa = PBXFileReference; lastKnownFileType = wrapper.xcdatamodel; path = prototype1.xcdatamodel; sourceTree = "<group>"; };
		8964E848208B4C0500517F6A /* Assets.xcassets */ = {isa = PBXFileReference; lastKnownFileType = folder.assetcatalog; path = Assets.xcassets; sourceTree = "<group>"; };
		8964E84B208B4C0500517F6A /* Base */ = {isa = PBXFileReference; lastKnownFileType = file.storyboard; name = Base; path = Base.lproj/LaunchScreen.storyboard; sourceTree = "<group>"; };
		8964E84D208B4C0500517F6A /* Info.plist */ = {isa = PBXFileReference; lastKnownFileType = text.plist.xml; path = Info.plist; sourceTree = "<group>"; };
		8964E852208B4C0500517F6A /* prototype1Tests.xctest */ = {isa = PBXFileReference; explicitFileType = wrapper.cfbundle; includeInIndex = 0; path = prototype1Tests.xctest; sourceTree = BUILT_PRODUCTS_DIR; };
		8964E856208B4C0500517F6A /* prototype1Tests.swift */ = {isa = PBXFileReference; lastKnownFileType = sourcecode.swift; path = prototype1Tests.swift; sourceTree = "<group>"; };
		8964E858208B4C0500517F6A /* Info.plist */ = {isa = PBXFileReference; lastKnownFileType = text.plist.xml; path = Info.plist; sourceTree = "<group>"; };
		8964E85D208B4C0500517F6A /* prototype1UITests.xctest */ = {isa = PBXFileReference; explicitFileType = wrapper.cfbundle; includeInIndex = 0; path = prototype1UITests.xctest; sourceTree = BUILT_PRODUCTS_DIR; };
		8964E861208B4C0500517F6A /* prototype1UITests.swift */ = {isa = PBXFileReference; lastKnownFileType = sourcecode.swift; path = prototype1UITests.swift; sourceTree = "<group>"; };
		8964E863208B4C0500517F6A /* Info.plist */ = {isa = PBXFileReference; lastKnownFileType = text.plist.xml; path = Info.plist; sourceTree = "<group>"; };
		ADC6A6432FB5FB643022BD04 /* Pods-prototype1.release.xcconfig */ = {isa = PBXFileReference; includeInIndex = 1; lastKnownFileType = text.xcconfig; name = "Pods-prototype1.release.xcconfig"; path = "Pods/Target Support Files/Pods-prototype1/Pods-prototype1.release.xcconfig"; sourceTree = "<group>"; };
		BDE54D4CC717B45F88DFB2A8 /* Pods-prototype1Tests.debug.xcconfig */ = {isa = PBXFileReference; includeInIndex = 1; lastKnownFileType = text.xcconfig; name = "Pods-prototype1Tests.debug.xcconfig"; path = "Pods/Target Support Files/Pods-prototype1Tests/Pods-prototype1Tests.debug.xcconfig"; sourceTree = "<group>"; };
		D1A9AEF864097991168C8EE1 /* Pods_prototype1.framework */ = {isa = PBXFileReference; explicitFileType = wrapper.framework; includeInIndex = 0; path = Pods_prototype1.framework; sourceTree = BUILT_PRODUCTS_DIR; };
		DED71EE4A21FECB565450AE2 /* Pods_prototype1UITests.framework */ = {isa = PBXFileReference; explicitFileType = wrapper.framework; includeInIndex = 0; path = Pods_prototype1UITests.framework; sourceTree = BUILT_PRODUCTS_DIR; };
		EB8A4C7D31945441D9F3F86B /* Pods-prototype1UITests.debug.xcconfig */ = {isa = PBXFileReference; includeInIndex = 1; lastKnownFileType = text.xcconfig; name = "Pods-prototype1UITests.debug.xcconfig"; path = "Pods/Target Support Files/Pods-prototype1UITests/Pods-prototype1UITests.debug.xcconfig"; sourceTree = "<group>"; };
/* End PBXFileReference section */

/* Begin PBXFrameworksBuildPhase section */
		8964E838208B4C0500517F6A /* Frameworks */ = {
			isa = PBXFrameworksBuildPhase;
			buildActionMask = 2147483647;
			files = (
				1AC7594375311A2CAF70295F /* Pods_prototype1.framework in Frameworks */,
			);
			runOnlyForDeploymentPostprocessing = 0;
		};
		8964E84F208B4C0500517F6A /* Frameworks */ = {
			isa = PBXFrameworksBuildPhase;
			buildActionMask = 2147483647;
			files = (
				B7987B84A675F489923BE33F /* Pods_prototype1Tests.framework in Frameworks */,
			);
			runOnlyForDeploymentPostprocessing = 0;
		};
		8964E85A208B4C0500517F6A /* Frameworks */ = {
			isa = PBXFrameworksBuildPhase;
			buildActionMask = 2147483647;
			files = (
				2AC6283C3E2CAD78A771EA29 /* Pods_prototype1UITests.framework in Frameworks */,
			);
			runOnlyForDeploymentPostprocessing = 0;
		};
/* End PBXFrameworksBuildPhase section */

/* Begin PBXGroup section */
		006A2B3B208B6CE900C45D0B /* Storyboard */ = {
			isa = PBXGroup;
			children = (
				8964E842208B4C0500517F6A /* Main.storyboard */,
				006A2B3C208B6D1300C45D0B /* Profile.storyboard */,
				006A2B3E208B6D2300C45D0B /* Statistics.storyboard */,
				006A2B40208B6FD300C45D0B /* Messages.storyboard */,
			);
			path = Storyboard;
			sourceTree = "<group>";
		};
		0219B5C9A9724868C0DE7726 /* Frameworks */ = {
			isa = PBXGroup;
			children = (
				D1A9AEF864097991168C8EE1 /* Pods_prototype1.framework */,
				2E3F7C21902641E1EF344BD7 /* Pods_prototype1Tests.framework */,
				DED71EE4A21FECB565450AE2 /* Pods_prototype1UITests.framework */,
			);
			name = Frameworks;
			sourceTree = "<group>";
		};
		8964E832208B4C0500517F6A = {
			isa = PBXGroup;
			children = (
				8964E83D208B4C0500517F6A /* prototype1 */,
				8964E855208B4C0500517F6A /* prototype1Tests */,
				8964E860208B4C0500517F6A /* prototype1UITests */,
				8964E83C208B4C0500517F6A /* Products */,
				D553DD776C56EE4FE413C7C9 /* Pods */,
				0219B5C9A9724868C0DE7726 /* Frameworks */,
			);
			sourceTree = "<group>";
		};
		8964E83C208B4C0500517F6A /* Products */ = {
			isa = PBXGroup;
			children = (
				8964E83B208B4C0500517F6A /* prototype1.app */,
				8964E852208B4C0500517F6A /* prototype1Tests.xctest */,
				8964E85D208B4C0500517F6A /* prototype1UITests.xctest */,
			);
			name = Products;
			sourceTree = "<group>";
		};
		8964E83D208B4C0500517F6A /* prototype1 */ = {
			isa = PBXGroup;
			children = (
				006A2B3B208B6CE900C45D0B /* Storyboard */,
				8964E83E208B4C0500517F6A /* AppDelegate.swift */,
				8964E840208B4C0500517F6A /* ViewController.swift */,
				00DBAF25208C3B0700E77E7D /* MessagesViewController.swift */,
				00DBAF1F208BA2CC00E77E7D /* StatisticsViewController.swift */,
				00DBAF23208BB7CA00E77E7D /* RoundedShadowView.swift */,
				00DBAF21208BACB100E77E7D /* ExamplesDefaults.swift */,
				8964E848208B4C0500517F6A /* Assets.xcassets */,
				8964E84A208B4C0500517F6A /* LaunchScreen.storyboard */,
				8964E84D208B4C0500517F6A /* Info.plist */,
				006A2B48208B84A700C45D0B /* GoogleService-Info.plist */,
				8964E845208B4C0500517F6A /* prototype1.xcdatamodeld */,
				006A2B42208B77CC00C45D0B /* ProfileViewController.swift */,
				006A2B44208B791B00C45D0B /* CustomNavController.swift */,
			);
			path = prototype1;
			sourceTree = "<group>";
		};
		8964E855208B4C0500517F6A /* prototype1Tests */ = {
			isa = PBXGroup;
			children = (
				8964E856208B4C0500517F6A /* prototype1Tests.swift */,
				8964E858208B4C0500517F6A /* Info.plist */,
			);
			path = prototype1Tests;
			sourceTree = "<group>";
		};
		8964E860208B4C0500517F6A /* prototype1UITests */ = {
			isa = PBXGroup;
			children = (
				8964E861208B4C0500517F6A /* prototype1UITests.swift */,
				8964E863208B4C0500517F6A /* Info.plist */,
			);
			path = prototype1UITests;
			sourceTree = "<group>";
		};
		D553DD776C56EE4FE413C7C9 /* Pods */ = {
			isa = PBXGroup;
			children = (
				67B0911AF9CB9A2E90751E51 /* Pods-prototype1.debug.xcconfig */,
				ADC6A6432FB5FB643022BD04 /* Pods-prototype1.release.xcconfig */,
				BDE54D4CC717B45F88DFB2A8 /* Pods-prototype1Tests.debug.xcconfig */,
				21ECD8DF3C7D8B12894AC325 /* Pods-prototype1Tests.release.xcconfig */,
				EB8A4C7D31945441D9F3F86B /* Pods-prototype1UITests.debug.xcconfig */,
				12683E05818E98A4D3606232 /* Pods-prototype1UITests.release.xcconfig */,
			);
			name = Pods;
			sourceTree = "<group>";
		};
/* End PBXGroup section */

/* Begin PBXNativeTarget section */
		8964E83A208B4C0500517F6A /* prototype1 */ = {
			isa = PBXNativeTarget;
			buildConfigurationList = 8964E866208B4C0500517F6A /* Build configuration list for PBXNativeTarget "prototype1" */;
			buildPhases = (
				03A0791BAB02CE901891476E /* [CP] Check Pods Manifest.lock */,
				8964E837208B4C0500517F6A /* Sources */,
				8964E838208B4C0500517F6A /* Frameworks */,
				8964E839208B4C0500517F6A /* Resources */,
				4460B0DD38A0814F966394C2 /* [CP] Embed Pods Frameworks */,
			);
			buildRules = (
			);
			dependencies = (
			);
			name = prototype1;
			productName = prototype1;
			productReference = 8964E83B208B4C0500517F6A /* prototype1.app */;
			productType = "com.apple.product-type.application";
		};
		8964E851208B4C0500517F6A /* prototype1Tests */ = {
			isa = PBXNativeTarget;
			buildConfigurationList = 8964E869208B4C0500517F6A /* Build configuration list for PBXNativeTarget "prototype1Tests" */;
			buildPhases = (
				412E805290BA8B6EC25E52B7 /* [CP] Check Pods Manifest.lock */,
				8964E84E208B4C0500517F6A /* Sources */,
				8964E84F208B4C0500517F6A /* Frameworks */,
				8964E850208B4C0500517F6A /* Resources */,
			);
			buildRules = (
			);
			dependencies = (
				8964E854208B4C0500517F6A /* PBXTargetDependency */,
			);
			name = prototype1Tests;
			productName = prototype1Tests;
			productReference = 8964E852208B4C0500517F6A /* prototype1Tests.xctest */;
			productType = "com.apple.product-type.bundle.unit-test";
		};
		8964E85C208B4C0500517F6A /* prototype1UITests */ = {
			isa = PBXNativeTarget;
			buildConfigurationList = 8964E86C208B4C0500517F6A /* Build configuration list for PBXNativeTarget "prototype1UITests" */;
			buildPhases = (
				0B3C9BD1BA471B0C73ACB6F6 /* [CP] Check Pods Manifest.lock */,
				8964E859208B4C0500517F6A /* Sources */,
				8964E85A208B4C0500517F6A /* Frameworks */,
				8964E85B208B4C0500517F6A /* Resources */,
			);
			buildRules = (
			);
			dependencies = (
				8964E85F208B4C0500517F6A /* PBXTargetDependency */,
			);
			name = prototype1UITests;
			productName = prototype1UITests;
			productReference = 8964E85D208B4C0500517F6A /* prototype1UITests.xctest */;
			productType = "com.apple.product-type.bundle.ui-testing";
		};
/* End PBXNativeTarget section */

/* Begin PBXProject section */
		8964E833208B4C0500517F6A /* Project object */ = {
			isa = PBXProject;
			attributes = {
				LastSwiftUpdateCheck = 0830;
				LastUpgradeCheck = 0830;
				ORGANIZATIONNAME = "Minkyung Kim";
				TargetAttributes = {
					8964E83A208B4C0500517F6A = {
						CreatedOnToolsVersion = 8.3.3;
						DevelopmentTeam = F5GXV5R459;
						ProvisioningStyle = Automatic;
						SystemCapabilities = {
							com.apple.BackgroundModes = {
								enabled = 1;
							};
						};
					};
					8964E851208B4C0500517F6A = {
						CreatedOnToolsVersion = 8.3.3;
						DevelopmentTeam = 22P8HZ7MFH;
						ProvisioningStyle = Automatic;
						TestTargetID = 8964E83A208B4C0500517F6A;
					};
					8964E85C208B4C0500517F6A = {
						CreatedOnToolsVersion = 8.3.3;
						DevelopmentTeam = 22P8HZ7MFH;
						ProvisioningStyle = Automatic;
						TestTargetID = 8964E83A208B4C0500517F6A;
					};
				};
			};
			buildConfigurationList = 8964E836208B4C0500517F6A /* Build configuration list for PBXProject "prototype1" */;
			compatibilityVersion = "Xcode 3.2";
			developmentRegion = English;
			hasScannedForEncodings = 0;
			knownRegions = (
				en,
				Base,
			);
			mainGroup = 8964E832208B4C0500517F6A;
			productRefGroup = 8964E83C208B4C0500517F6A /* Products */;
			projectDirPath = "";
			projectRoot = "";
			targets = (
				8964E83A208B4C0500517F6A /* prototype1 */,
				8964E851208B4C0500517F6A /* prototype1Tests */,
				8964E85C208B4C0500517F6A /* prototype1UITests */,
			);
		};
/* End PBXProject section */

/* Begin PBXResourcesBuildPhase section */
		8964E839208B4C0500517F6A /* Resources */ = {
			isa = PBXResourcesBuildPhase;
			buildActionMask = 2147483647;
			files = (
				006A2B41208B6FD300C45D0B /* Messages.storyboard in Resources */,
				8964E84C208B4C0500517F6A /* LaunchScreen.storyboard in Resources */,
				8964E849208B4C0500517F6A /* Assets.xcassets in Resources */,
				006A2B3D208B6D1300C45D0B /* Profile.storyboard in Resources */,
				006A2B3F208B6D2300C45D0B /* Statistics.storyboard in Resources */,
				8964E844208B4C0500517F6A /* Main.storyboard in Resources */,
				006A2B49208B84A700C45D0B /* GoogleService-Info.plist in Resources */,
			);
			runOnlyForDeploymentPostprocessing = 0;
		};
		8964E850208B4C0500517F6A /* Resources */ = {
			isa = PBXResourcesBuildPhase;
			buildActionMask = 2147483647;
			files = (
			);
			runOnlyForDeploymentPostprocessing = 0;
		};
		8964E85B208B4C0500517F6A /* Resources */ = {
			isa = PBXResourcesBuildPhase;
			buildActionMask = 2147483647;
			files = (
			);
			runOnlyForDeploymentPostprocessing = 0;
		};
/* End PBXResourcesBuildPhase section */

/* Begin PBXShellScriptBuildPhase section */
		03A0791BAB02CE901891476E /* [CP] Check Pods Manifest.lock */ = {
			isa = PBXShellScriptBuildPhase;
			buildActionMask = 2147483647;
			files = (
			);
			inputPaths = (
				"${PODS_PODFILE_DIR_PATH}/Podfile.lock",
				"${PODS_ROOT}/Manifest.lock",
			);
			name = "[CP] Check Pods Manifest.lock";
			outputPaths = (
				"$(DERIVED_FILE_DIR)/Pods-prototype1-checkManifestLockResult.txt",
			);
			runOnlyForDeploymentPostprocessing = 0;
			shellPath = /bin/sh;
			shellScript = "diff \"${PODS_PODFILE_DIR_PATH}/Podfile.lock\" \"${PODS_ROOT}/Manifest.lock\" > /dev/null\nif [ $? != 0 ] ; then\n    # print error to STDERR\n    echo \"error: The sandbox is not in sync with the Podfile.lock. Run 'pod install' or update your CocoaPods installation.\" >&2\n    exit 1\nfi\n# This output is used by Xcode 'outputs' to avoid re-running this script phase.\necho \"SUCCESS\" > \"${SCRIPT_OUTPUT_FILE_0}\"\n";
			showEnvVarsInLog = 0;
		};
		0B3C9BD1BA471B0C73ACB6F6 /* [CP] Check Pods Manifest.lock */ = {
			isa = PBXShellScriptBuildPhase;
			buildActionMask = 2147483647;
			files = (
			);
			inputPaths = (
				"${PODS_PODFILE_DIR_PATH}/Podfile.lock",
				"${PODS_ROOT}/Manifest.lock",
			);
			name = "[CP] Check Pods Manifest.lock";
			outputPaths = (
				"$(DERIVED_FILE_DIR)/Pods-prototype1UITests-checkManifestLockResult.txt",
			);
			runOnlyForDeploymentPostprocessing = 0;
			shellPath = /bin/sh;
			shellScript = "diff \"${PODS_PODFILE_DIR_PATH}/Podfile.lock\" \"${PODS_ROOT}/Manifest.lock\" > /dev/null\nif [ $? != 0 ] ; then\n    # print error to STDERR\n    echo \"error: The sandbox is not in sync with the Podfile.lock. Run 'pod install' or update your CocoaPods installation.\" >&2\n    exit 1\nfi\n# This output is used by Xcode 'outputs' to avoid re-running this script phase.\necho \"SUCCESS\" > \"${SCRIPT_OUTPUT_FILE_0}\"\n";
			showEnvVarsInLog = 0;
		};
		412E805290BA8B6EC25E52B7 /* [CP] Check Pods Manifest.lock */ = {
			isa = PBXShellScriptBuildPhase;
			buildActionMask = 2147483647;
			files = (
			);
			inputPaths = (
				"${PODS_PODFILE_DIR_PATH}/Podfile.lock",
				"${PODS_ROOT}/Manifest.lock",
			);
			name = "[CP] Check Pods Manifest.lock";
			outputPaths = (
				"$(DERIVED_FILE_DIR)/Pods-prototype1Tests-checkManifestLockResult.txt",
			);
			runOnlyForDeploymentPostprocessing = 0;
			shellPath = /bin/sh;
			shellScript = "diff \"${PODS_PODFILE_DIR_PATH}/Podfile.lock\" \"${PODS_ROOT}/Manifest.lock\" > /dev/null\nif [ $? != 0 ] ; then\n    # print error to STDERR\n    echo \"error: The sandbox is not in sync with the Podfile.lock. Run 'pod install' or update your CocoaPods installation.\" >&2\n    exit 1\nfi\n# This output is used by Xcode 'outputs' to avoid re-running this script phase.\necho \"SUCCESS\" > \"${SCRIPT_OUTPUT_FILE_0}\"\n";
			showEnvVarsInLog = 0;
		};
		4460B0DD38A0814F966394C2 /* [CP] Embed Pods Frameworks */ = {
			isa = PBXShellScriptBuildPhase;
			buildActionMask = 2147483647;
			files = (
			);
			inputPaths = (
				"${SRCROOT}/Pods/Target Support Files/Pods-prototype1/Pods-prototype1-frameworks.sh",
				"${BUILT_PRODUCTS_DIR}/Alamofire/Alamofire.framework",
				"${BUILT_PRODUCTS_DIR}/GoogleToolboxForMac/GoogleToolboxForMac.framework",
				"${BUILT_PRODUCTS_DIR}/SwiftCharts/SwiftCharts.framework",
				"${BUILT_PRODUCTS_DIR}/nanopb/nanopb.framework",
			);
			name = "[CP] Embed Pods Frameworks";
			outputPaths = (
				"${TARGET_BUILD_DIR}/${FRAMEWORKS_FOLDER_PATH}/Alamofire.framework",
				"${TARGET_BUILD_DIR}/${FRAMEWORKS_FOLDER_PATH}/GoogleToolboxForMac.framework",
				"${TARGET_BUILD_DIR}/${FRAMEWORKS_FOLDER_PATH}/SwiftCharts.framework",
				"${TARGET_BUILD_DIR}/${FRAMEWORKS_FOLDER_PATH}/nanopb.framework",
			);
			runOnlyForDeploymentPostprocessing = 0;
			shellPath = /bin/sh;
			shellScript = "\"${SRCROOT}/Pods/Target Support Files/Pods-prototype1/Pods-prototype1-frameworks.sh\"\n";
			showEnvVarsInLog = 0;
		};
/* End PBXShellScriptBuildPhase section */

/* Begin PBXSourcesBuildPhase section */
		8964E837208B4C0500517F6A /* Sources */ = {
			isa = PBXSourcesBuildPhase;
			buildActionMask = 2147483647;
			files = (
				8964E847208B4C0500517F6A /* prototype1.xcdatamodeld in Sources */,
				8964E841208B4C0500517F6A /* ViewController.swift in Sources */,
				006A2B43208B77CC00C45D0B /* ProfileViewController.swift in Sources */,
				00DBAF26208C3B0700E77E7D /* MessagesViewController.swift in Sources */,
				00DBAF20208BA2CC00E77E7D /* StatisticsViewController.swift in Sources */,
				00DBAF24208BB7CA00E77E7D /* RoundedShadowView.swift in Sources */,
				006A2B45208B791B00C45D0B /* CustomNavController.swift in Sources */,
				00DBAF22208BACB100E77E7D /* ExamplesDefaults.swift in Sources */,
				8964E83F208B4C0500517F6A /* AppDelegate.swift in Sources */,
			);
			runOnlyForDeploymentPostprocessing = 0;
		};
		8964E84E208B4C0500517F6A /* Sources */ = {
			isa = PBXSourcesBuildPhase;
			buildActionMask = 2147483647;
			files = (
				8964E857208B4C0500517F6A /* prototype1Tests.swift in Sources */,
			);
			runOnlyForDeploymentPostprocessing = 0;
		};
		8964E859208B4C0500517F6A /* Sources */ = {
			isa = PBXSourcesBuildPhase;
			buildActionMask = 2147483647;
			files = (
				8964E862208B4C0500517F6A /* prototype1UITests.swift in Sources */,
			);
			runOnlyForDeploymentPostprocessing = 0;
		};
/* End PBXSourcesBuildPhase section */

/* Begin PBXTargetDependency section */
		8964E854208B4C0500517F6A /* PBXTargetDependency */ = {
			isa = PBXTargetDependency;
			target = 8964E83A208B4C0500517F6A /* prototype1 */;
			targetProxy = 8964E853208B4C0500517F6A /* PBXContainerItemProxy */;
		};
		8964E85F208B4C0500517F6A /* PBXTargetDependency */ = {
			isa = PBXTargetDependency;
			target = 8964E83A208B4C0500517F6A /* prototype1 */;
			targetProxy = 8964E85E208B4C0500517F6A /* PBXContainerItemProxy */;
		};
/* End PBXTargetDependency section */

/* Begin PBXVariantGroup section */
		8964E842208B4C0500517F6A /* Main.storyboard */ = {
			isa = PBXVariantGroup;
			children = (
				8964E843208B4C0500517F6A /* Base */,
			);
			name = Main.storyboard;
			sourceTree = "<group>";
		};
		8964E84A208B4C0500517F6A /* LaunchScreen.storyboard */ = {
			isa = PBXVariantGroup;
			children = (
				8964E84B208B4C0500517F6A /* Base */,
			);
			name = LaunchScreen.storyboard;
			sourceTree = "<group>";
		};
/* End PBXVariantGroup section */

/* Begin XCBuildConfiguration section */
		8964E864208B4C0500517F6A /* Debug */ = {
			isa = XCBuildConfiguration;
			buildSettings = {
				ALWAYS_SEARCH_USER_PATHS = NO;
				CLANG_ANALYZER_NONNULL = YES;
				CLANG_ANALYZER_NUMBER_OBJECT_CONVERSION = YES_AGGRESSIVE;
				CLANG_CXX_LANGUAGE_STANDARD = "gnu++0x";
				CLANG_CXX_LIBRARY = "libc++";
				CLANG_ENABLE_MODULES = YES;
				CLANG_ENABLE_OBJC_ARC = YES;
				CLANG_WARN_BOOL_CONVERSION = YES;
				CLANG_WARN_CONSTANT_CONVERSION = YES;
				CLANG_WARN_DIRECT_OBJC_ISA_USAGE = YES_ERROR;
				CLANG_WARN_DOCUMENTATION_COMMENTS = YES;
				CLANG_WARN_EMPTY_BODY = YES;
				CLANG_WARN_ENUM_CONVERSION = YES;
				CLANG_WARN_INFINITE_RECURSION = YES;
				CLANG_WARN_INT_CONVERSION = YES;
				CLANG_WARN_OBJC_ROOT_CLASS = YES_ERROR;
				CLANG_WARN_SUSPICIOUS_MOVE = YES;
				CLANG_WARN_UNREACHABLE_CODE = YES;
				CLANG_WARN__DUPLICATE_METHOD_MATCH = YES;
				"CODE_SIGN_IDENTITY[sdk=iphoneos*]" = "iPhone Developer";
				COPY_PHASE_STRIP = NO;
				DEBUG_INFORMATION_FORMAT = dwarf;
				ENABLE_STRICT_OBJC_MSGSEND = YES;
				ENABLE_TESTABILITY = YES;
				GCC_C_LANGUAGE_STANDARD = gnu99;
				GCC_DYNAMIC_NO_PIC = NO;
				GCC_NO_COMMON_BLOCKS = YES;
				GCC_OPTIMIZATION_LEVEL = 0;
				GCC_PREPROCESSOR_DEFINITIONS = (
					"DEBUG=1",
					"$(inherited)",
				);
				GCC_WARN_64_TO_32_BIT_CONVERSION = YES;
				GCC_WARN_ABOUT_RETURN_TYPE = YES_ERROR;
				GCC_WARN_UNDECLARED_SELECTOR = YES;
				GCC_WARN_UNINITIALIZED_AUTOS = YES_AGGRESSIVE;
				GCC_WARN_UNUSED_FUNCTION = YES;
				GCC_WARN_UNUSED_VARIABLE = YES;
				IPHONEOS_DEPLOYMENT_TARGET = 10.3;
				MTL_ENABLE_DEBUG_INFO = YES;
				ONLY_ACTIVE_ARCH = YES;
				SDKROOT = iphoneos;
				SWIFT_ACTIVE_COMPILATION_CONDITIONS = DEBUG;
				SWIFT_OPTIMIZATION_LEVEL = "-Onone";
				TARGETED_DEVICE_FAMILY = "1,2";
			};
			name = Debug;
		};
		8964E865208B4C0500517F6A /* Release */ = {
			isa = XCBuildConfiguration;
			buildSettings = {
				ALWAYS_SEARCH_USER_PATHS = NO;
				CLANG_ANALYZER_NONNULL = YES;
				CLANG_ANALYZER_NUMBER_OBJECT_CONVERSION = YES_AGGRESSIVE;
				CLANG_CXX_LANGUAGE_STANDARD = "gnu++0x";
				CLANG_CXX_LIBRARY = "libc++";
				CLANG_ENABLE_MODULES = YES;
				CLANG_ENABLE_OBJC_ARC = YES;
				CLANG_WARN_BOOL_CONVERSION = YES;
				CLANG_WARN_CONSTANT_CONVERSION = YES;
				CLANG_WARN_DIRECT_OBJC_ISA_USAGE = YES_ERROR;
				CLANG_WARN_DOCUMENTATION_COMMENTS = YES;
				CLANG_WARN_EMPTY_BODY = YES;
				CLANG_WARN_ENUM_CONVERSION = YES;
				CLANG_WARN_INFINITE_RECURSION = YES;
				CLANG_WARN_INT_CONVERSION = YES;
				CLANG_WARN_OBJC_ROOT_CLASS = YES_ERROR;
				CLANG_WARN_SUSPICIOUS_MOVE = YES;
				CLANG_WARN_UNREACHABLE_CODE = YES;
				CLANG_WARN__DUPLICATE_METHOD_MATCH = YES;
				"CODE_SIGN_IDENTITY[sdk=iphoneos*]" = "iPhone Developer";
				COPY_PHASE_STRIP = NO;
				DEBUG_INFORMATION_FORMAT = "dwarf-with-dsym";
				ENABLE_NS_ASSERTIONS = NO;
				ENABLE_STRICT_OBJC_MSGSEND = YES;
				GCC_C_LANGUAGE_STANDARD = gnu99;
				GCC_NO_COMMON_BLOCKS = YES;
				GCC_WARN_64_TO_32_BIT_CONVERSION = YES;
				GCC_WARN_ABOUT_RETURN_TYPE = YES_ERROR;
				GCC_WARN_UNDECLARED_SELECTOR = YES;
				GCC_WARN_UNINITIALIZED_AUTOS = YES_AGGRESSIVE;
				GCC_WARN_UNUSED_FUNCTION = YES;
				GCC_WARN_UNUSED_VARIABLE = YES;
				IPHONEOS_DEPLOYMENT_TARGET = 10.3;
				MTL_ENABLE_DEBUG_INFO = NO;
				SDKROOT = iphoneos;
				SWIFT_OPTIMIZATION_LEVEL = "-Owholemodule";
				TARGETED_DEVICE_FAMILY = "1,2";
				VALIDATE_PRODUCT = YES;
			};
			name = Release;
		};
		8964E867208B4C0500517F6A /* Debug */ = {
			isa = XCBuildConfiguration;
			baseConfigurationReference = 67B0911AF9CB9A2E90751E51 /* Pods-prototype1.debug.xcconfig */;
			buildSettings = {
				ASSETCATALOG_COMPILER_APPICON_NAME = AppIcon;
				DEVELOPMENT_TEAM = F5GXV5R459;
				INFOPLIST_FILE = prototype1/Info.plist;
				IPHONEOS_DEPLOYMENT_TARGET = 10.3;
				LD_RUNPATH_SEARCH_PATHS = "$(inherited) @executable_path/Frameworks";
				PRODUCT_BUNDLE_IDENTIFIER = zam.prototype1;
				PRODUCT_NAME = "$(TARGET_NAME)";
				SWIFT_VERSION = 3.0;
			};
			name = Debug;
		};
		8964E868208B4C0500517F6A /* Release */ = {
			isa = XCBuildConfiguration;
			baseConfigurationReference = ADC6A6432FB5FB643022BD04 /* Pods-prototype1.release.xcconfig */;
			buildSettings = {
				ASSETCATALOG_COMPILER_APPICON_NAME = AppIcon;
				DEVELOPMENT_TEAM = F5GXV5R459;
				INFOPLIST_FILE = prototype1/Info.plist;
				IPHONEOS_DEPLOYMENT_TARGET = 10.3;
				LD_RUNPATH_SEARCH_PATHS = "$(inherited) @executable_path/Frameworks";
				PRODUCT_BUNDLE_IDENTIFIER = zam.prototype1;
				PRODUCT_NAME = "$(TARGET_NAME)";
				SWIFT_VERSION = 3.0;
			};
			name = Release;
		};
		8964E86A208B4C0500517F6A /* Debug */ = {
			isa = XCBuildConfiguration;
			baseConfigurationReference = BDE54D4CC717B45F88DFB2A8 /* Pods-prototype1Tests.debug.xcconfig */;
			buildSettings = {
				ALWAYS_EMBED_SWIFT_STANDARD_LIBRARIES = YES;
				BUNDLE_LOADER = "$(TEST_HOST)";
				DEVELOPMENT_TEAM = 22P8HZ7MFH;
				INFOPLIST_FILE = prototype1Tests/Info.plist;
				LD_RUNPATH_SEARCH_PATHS = "$(inherited) @executable_path/Frameworks @loader_path/Frameworks";
				PRODUCT_BUNDLE_IDENTIFIER = "-.prototype1Tests";
				PRODUCT_NAME = "$(TARGET_NAME)";
				SWIFT_VERSION = 3.0;
				TEST_HOST = "$(BUILT_PRODUCTS_DIR)/prototype1.app/prototype1";
			};
			name = Debug;
		};
		8964E86B208B4C0500517F6A /* Release */ = {
			isa = XCBuildConfiguration;
			baseConfigurationReference = 21ECD8DF3C7D8B12894AC325 /* Pods-prototype1Tests.release.xcconfig */;
			buildSettings = {
				ALWAYS_EMBED_SWIFT_STANDARD_LIBRARIES = YES;
				BUNDLE_LOADER = "$(TEST_HOST)";
				DEVELOPMENT_TEAM = 22P8HZ7MFH;
				INFOPLIST_FILE = prototype1Tests/Info.plist;
				LD_RUNPATH_SEARCH_PATHS = "$(inherited) @executable_path/Frameworks @loader_path/Frameworks";
				PRODUCT_BUNDLE_IDENTIFIER = "-.prototype1Tests";
				PRODUCT_NAME = "$(TARGET_NAME)";
				SWIFT_VERSION = 3.0;
				TEST_HOST = "$(BUILT_PRODUCTS_DIR)/prototype1.app/prototype1";
			};
			name = Release;
		};
		8964E86D208B4C0500517F6A /* Debug */ = {
			isa = XCBuildConfiguration;
			baseConfigurationReference = EB8A4C7D31945441D9F3F86B /* Pods-prototype1UITests.debug.xcconfig */;
			buildSettings = {
				ALWAYS_EMBED_SWIFT_STANDARD_LIBRARIES = YES;
				DEVELOPMENT_TEAM = 22P8HZ7MFH;
				INFOPLIST_FILE = prototype1UITests/Info.plist;
				LD_RUNPATH_SEARCH_PATHS = "$(inherited) @executable_path/Frameworks @loader_path/Frameworks";
				PRODUCT_BUNDLE_IDENTIFIER = "-.prototype1UITests";
				PRODUCT_NAME = "$(TARGET_NAME)";
				SWIFT_VERSION = 3.0;
				TEST_TARGET_NAME = prototype1;
			};
			name = Debug;
		};
		8964E86E208B4C0500517F6A /* Release */ = {
			isa = XCBuildConfiguration;
			baseConfigurationReference = 12683E05818E98A4D3606232 /* Pods-prototype1UITests.release.xcconfig */;
			buildSettings = {
				ALWAYS_EMBED_SWIFT_STANDARD_LIBRARIES = YES;
				DEVELOPMENT_TEAM = 22P8HZ7MFH;
				INFOPLIST_FILE = prototype1UITests/Info.plist;
				LD_RUNPATH_SEARCH_PATHS = "$(inherited) @executable_path/Frameworks @loader_path/Frameworks";
				PRODUCT_BUNDLE_IDENTIFIER = "-.prototype1UITests";
				PRODUCT_NAME = "$(TARGET_NAME)";
				SWIFT_VERSION = 3.0;
				TEST_TARGET_NAME = prototype1;
			};
			name = Release;
		};
/* End XCBuildConfiguration section */

/* Begin XCConfigurationList section */
		8964E836208B4C0500517F6A /* Build configuration list for PBXProject "prototype1" */ = {
			isa = XCConfigurationList;
			buildConfigurations = (
				8964E864208B4C0500517F6A /* Debug */,
				8964E865208B4C0500517F6A /* Release */,
			);
			defaultConfigurationIsVisible = 0;
			defaultConfigurationName = Release;
		};
		8964E866208B4C0500517F6A /* Build configuration list for PBXNativeTarget "prototype1" */ = {
			isa = XCConfigurationList;
			buildConfigurations = (
				8964E867208B4C0500517F6A /* Debug */,
				8964E868208B4C0500517F6A /* Release */,
			);
			defaultConfigurationIsVisible = 0;
			defaultConfigurationName = Release;
		};
		8964E869208B4C0500517F6A /* Build configuration list for PBXNativeTarget "prototype1Tests" */ = {
			isa = XCConfigurationList;
			buildConfigurations = (
				8964E86A208B4C0500517F6A /* Debug */,
				8964E86B208B4C0500517F6A /* Release */,
			);
			defaultConfigurationIsVisible = 0;
			defaultConfigurationName = Release;
		};
		8964E86C208B4C0500517F6A /* Build configuration list for PBXNativeTarget "prototype1UITests" */ = {
			isa = XCConfigurationList;
			buildConfigurations = (
				8964E86D208B4C0500517F6A /* Debug */,
				8964E86E208B4C0500517F6A /* Release */,
			);
			defaultConfigurationIsVisible = 0;
			defaultConfigurationName = Release;
		};
/* End XCConfigurationList section */

/* Begin XCVersionGroup section */
		8964E845208B4C0500517F6A /* prototype1.xcdatamodeld */ = {
			isa = XCVersionGroup;
			children = (
				8964E846208B4C0500517F6A /* prototype1.xcdatamodel */,
			);
			currentVersion = 8964E846208B4C0500517F6A /* prototype1.xcdatamodel */;
			path = prototype1.xcdatamodeld;
			sourceTree = "<group>";
			versionGroupType = wrapper.xcdatamodel;
		};
/* End XCVersionGroup section */
	};
	rootObject = 8964E833208B4C0500517F6A /* Project object */;
}
